
Microsoft Visual Studio Solution File, Format Version 12.00
# Visual Studio 2013
VisualStudioVersion = 12.0.30723.0
MinimumVisualStudioVersion = 10.0.40219.1
Project("{FAE04EC0-301F-11D3-BF4B-00C04F79EFBC}") = "Beebotte.API.Client.Net", "Beebotte.API.Client.Net\Beebotte.API.Client.Net.csproj", "{CFAB03DF-D543-4376-A105-5CEC38AF09DA}"
EndProject
Global
	GlobalSection(SolutionConfigurationPlatforms) = preSolution
		Debug|Any CPU = Debug|Any CPU
		Release|Any CPU = Release|Any CPU
	EndGlobalSection
	GlobalSection(ProjectConfigurationPlatforms) = postSolution
		{CFAB03DF-D543-4376-A105-5CEC38AF09DA}.Debug|Any CPU.ActiveCfg = Release 4.5|Any CPU
		{CFAB03DF-D543-4376-A105-5CEC38AF09DA}.Debug|Any CPU.Build.0 = Release 4.5|Any CPU
		{CFAB03DF-D543-4376-A105-5CEC38AF09DA}.Release|Any CPU.ActiveCfg = Release 4.5|Any CPU
		{CFAB03DF-D543-4376-A105-5CEC38AF09DA}.Release|Any CPU.Build.0 = Release 4.5|Any CPU
	EndGlobalSection
	GlobalSection(SolutionProperties) = preSolution
		HideSolutionNode = FALSE
	EndGlobalSection
EndGlobal
